Microsoft Visual Studio Solution File, Format Version 12.00
# Visual Studio Version 17
VisualStudioVersion = 17.5.2.0
MinimumVisualStudioVersion = 10.0.40219.1
Project("{FAE04EC0-301F-11D3-BF4B-00C04F79EFBC}") = "ConfigManager", "ConfigManager.csproj", "{BC227458-C600-2CAC-387B-4402C95F7BF3}"
EndProject
Global
	GlobalSection(SolutionConfigurationPlatforms) = preSolution
		Debug|Any CPU = Debug|Any CPU
		Release|Any CPU = Release|Any CPU
	EndGlobalSection
	GlobalSection(ProjectConfigurationPlatforms) = postSolution
		{BC227458-C600-2CAC-387B-4402C95F7BF3}.Debug|Any CPU.ActiveCfg = Debug|Any CPU
		{BC227458-C600-2CAC-387B-4402C95F7BF3}.Debug|Any CPU.Build.0 = Debug|Any CPU
		{BC227458-C600-2CAC-387B-4402C95F7BF3}.Release|Any CPU.ActiveCfg = Release|Any CPU
		{BC227458-C600-2CAC-387B-4402C95F7BF3}.Release|Any CPU.Build.0 = Release|Any CPU
	EndGlobalSection
	GlobalSection(SolutionProperties) = preSolution
		HideSolutionNode = FALSE
	EndGlobalSection
	GlobalSection(ExtensibilityGlobals) = postSolution
		SolutionGuid = {63550084-A963-4892-84BF-A3C50B1A8359}
	EndGlobalSection
EndGlobal
